# This file is automatically @generated by Cargo.
# It is not intended for manual editing.
version = 3

[[package]]
name = "coverage-helper"
version = "0.2.2"
source = "registry+https://github.com/rust-lang/crates.io-index"
checksum = "8174551717bb3d1e75935e38d33f5f8ee8f680dd8dd42c90851e6c644faad14e"

[[package]]
name = "mahjong"
version = "0.1.0"
dependencies = [
 "coverage-helper",
]

[[package]]
name = "maj_replay"
version = "0.1.0"
dependencies = [
 "mahjong",
]
